
Microsoft Visual Studio Solution File, Format Version 12.00
# Visual Studio 15
VisualStudioVersion = 15.0.26124.0
MinimumVisualStudioVersion = 15.0.26124.0
Project("{FAE04EC0-301F-11D3-BF4B-00C04F79EFBC}") = "LempDotnetTool", "LempDotnetTool\LempDotnetTool.csproj", "{0E3B32DB-F2B7-4302-A2BB-2BE85975E9AB}"
EndProject
Project("{FAE04EC0-301F-11D3-BF4B-00C04F79EFBC}") = "AnotherLib", "AnotherLib\AnotherLib.csproj", "{4DA793FA-886B-4228-9779-7104911E4B0C}"
EndProject
Project("{FAE04EC0-301F-11D3-BF4B-00C04F79EFBC}") = "CompileTimeDI", "CompileTimeDI\CompileTimeDI.csproj", "{234C44BF-A57E-41FD-8525-784A117F0DD1}"
EndProject
Global
	GlobalSection(SolutionConfigurationPlatforms) = preSolution
		Debug|Any CPU = Debug|Any CPU
		Debug|x64 = Debug|x64
		Debug|x86 = Debug|x86
		Release|Any CPU = Release|Any CPU
		Release|x64 = Release|x64
		Release|x86 = Release|x86
	EndGlobalSection
	GlobalSection(SolutionProperties) = preSolution
		HideSolutionNode = FALSE
	EndGlobalSection
	GlobalSection(ProjectConfigurationPlatforms) = postSolution
		{0E3B32DB-F2B7-4302-A2BB-2BE85975E9AB}.Debug|Any CPU.ActiveCfg = Debug|Any CPU
		{0E3B32DB-F2B7-4302-A2BB-2BE85975E9AB}.Debug|Any CPU.Build.0 = Debug|Any CPU
		{0E3B32DB-F2B7-4302-A2BB-2BE85975E9AB}.Debug|x64.ActiveCfg = Debug|Any CPU
		{0E3B32DB-F2B7-4302-A2BB-2BE85975E9AB}.Debug|x64.Build.0 = Debug|Any CPU
		{0E3B32DB-F2B7-4302-A2BB-2BE85975E9AB}.Debug|x86.ActiveCfg = Debug|Any CPU
		{0E3B32DB-F2B7-4302-A2BB-2BE85975E9AB}.Debug|x86.Build.0 = Debug|Any CPU
		{0E3B32DB-F2B7-4302-A2BB-2BE85975E9AB}.Release|Any CPU.ActiveCfg = Release|Any CPU
		{0E3B32DB-F2B7-4302-A2BB-2BE85975E9AB}.Release|Any CPU.Build.0 = Release|Any CPU
		{0E3B32DB-F2B7-4302-A2BB-2BE85975E9AB}.Release|x64.ActiveCfg = Release|Any CPU
		{0E3B32DB-F2B7-4302-A2BB-2BE85975E9AB}.Release|x64.Build.0 = Release|Any CPU
		{0E3B32DB-F2B7-4302-A2BB-2BE85975E9AB}.Release|x86.ActiveCfg = Release|Any CPU
		{0E3B32DB-F2B7-4302-A2BB-2BE85975E9AB}.Release|x86.Build.0 = Release|Any CPU
		{4DA793FA-886B-4228-9779-7104911E4B0C}.Debug|Any CPU.ActiveCfg = Debug|Any CPU
		{4DA793FA-886B-4228-9779-7104911E4B0C}.Debug|Any CPU.Build.0 = Debug|Any CPU
		{4DA793FA-886B-4228-9779-7104911E4B0C}.Debug|x64.ActiveCfg = Debug|Any CPU
		{4DA793FA-886B-4228-9779-7104911E4B0C}.Debug|x64.Build.0 = Debug|Any CPU
		{4DA793FA-886B-4228-9779-7104911E4B0C}.Debug|x86.ActiveCfg = Debug|Any CPU
		{4DA793FA-886B-4228-9779-7104911E4B0C}.Debug|x86.Build.0 = Debug|Any CPU
		{4DA793FA-886B-4228-9779-7104911E4B0C}.Release|Any CPU.ActiveCfg = Release|Any CPU
		{4DA793FA-886B-4228-9779-7104911E4B0C}.Release|Any CPU.Build.0 = Release|Any CPU
		{4DA793FA-886B-4228-9779-7104911E4B0C}.Release|x64.ActiveCfg = Release|Any CPU
		{4DA793FA-886B-4228-9779-7104911E4B0C}.Release|x64.Build.0 = Release|Any CPU
		{4DA793FA-886B-4228-9779-7104911E4B0C}.Release|x86.ActiveCfg = Release|Any CPU
		{4DA793FA-886B-4228-9779-7104911E4B0C}.Release|x86.Build.0 = Release|Any CPU
		{234C44BF-A57E-41FD-8525-784A117F0DD1}.Debug|Any CPU.ActiveCfg = Debug|Any CPU
		{234C44BF-A57E-41FD-8525-784A117F0DD1}.Debug|Any CPU.Build.0 = Debug|Any CPU
		{234C44BF-A57E-41FD-8525-784A117F0DD1}.Debug|x64.ActiveCfg = Debug|Any CPU
		{234C44BF-A57E-41FD-8525-784A117F0DD1}.Debug|x64.Build.0 = Debug|Any CPU
		{234C44BF-A57E-41FD-8525-784A117F0DD1}.Debug|x86.ActiveCfg = Debug|Any CPU
		{234C44BF-A57E-41FD-8525-784A117F0DD1}.Debug|x86.Build.0 = Debug|Any CPU
		{234C44BF-A57E-41FD-8525-784A117F0DD1}.Release|Any CPU.ActiveCfg = Release|Any CPU
		{234C44BF-A57E-41FD-8525-784A117F0DD1}.Release|Any CPU.Build.0 = Release|Any CPU
		{234C44BF-A57E-41FD-8525-784A117F0DD1}.Release|x64.ActiveCfg = Release|Any CPU
		{234C44BF-A57E-41FD-8525-784A117F0DD1}.Release|x64.Build.0 = Release|Any CPU
		{234C44BF-A57E-41FD-8525-784A117F0DD1}.Release|x86.ActiveCfg = Release|Any CPU
		{234C44BF-A57E-41FD-8525-784A117F0DD1}.Release|x86.Build.0 = Release|Any CPU
	EndGlobalSection
EndGlobal
